
Microsoft Visual Studio Solution File, Format Version 12.00
# Visual Studio Version 17
VisualStudioVersion = 17.4.33205.214
MinimumVisualStudioVersion = 10.0.40219.1
Project("{FAE04EC0-301F-11D3-BF4B-00C04F79EFBC}") = "FaceScarfPatch", "FaceScarfPatch\FaceScarfPatch.csproj", "{2976325E-4615-47B7-9A75-CBA33ACFA18E}"
EndProject
Global
	GlobalSection(SolutionConfigurationPlatforms) = preSolution
		Debug|Any CPU = Debug|Any CPU
		Release|Any CPU = Release|Any CPU
	EndGlobalSection
	GlobalSection(ProjectConfigurationPlatforms) = postSolution
		{2976325E-4615-47B7-9A75-CBA33ACFA18E}.Debug|Any CPU.ActiveCfg = Debug|Any CPU
		{2976325E-4615-47B7-9A75-CBA33ACFA18E}.Debug|Any CPU.Build.0 = Debug|Any CPU
		{2976325E-4615-47B7-9A75-CBA33ACFA18E}.Release|Any CPU.ActiveCfg = Release|Any CPU
		{2976325E-4615-47B7-9A75-CBA33ACFA18E}.Release|Any CPU.Build.0 = Release|Any CPU
	EndGlobalSection
	GlobalSection(SolutionProperties) = preSolution
		HideSolutionNode = FALSE
	EndGlobalSection
	GlobalSection(ExtensibilityGlobals) = postSolution
		SolutionGuid = {2421D4B9-962B-4E76-A0F1-4970A950C322}
	EndGlobalSection
EndGlobal
